
Microsoft Visual Studio Solution File, Format Version 12.00
Project("{2150E333-8FDC-42A3-9474-1A3956D46DE8}") = "ShopApi", "ShopApi", "{E050073C-DE8F-4221-AF86-956DE24A7D48}"
EndProject
Project("{2150E333-8FDC-42A3-9474-1A3956D46DE8}") = "ShopTests", "ShopTests", "{12F73B25-7482-4BF0-870C-B6DE1273C106}"
EndProject
Project("{FAE04EC0-301F-11D3-BF4B-00C04F79EFBC}") = "Sharp.Shop.UnitTests", "Sharp.Shop.UnitTests\Sharp.Shop.UnitTests.csproj", "{003F6D8A-B883-4235-886E-84C14757665C}"
EndProject
Project("{FAE04EC0-301F-11D3-BF4B-00C04F79EFBC}") = "Application", "Sharp.Shop.Api\Application\Application.csproj", "{062DF532-4ECA-45C0-AF4B-54BB0AD87E80}"
EndProject
Project("{FAE04EC0-301F-11D3-BF4B-00C04F79EFBC}") = "WebApi", "Sharp.Shop.Api\WebApi\WebApi.csproj", "{B1164351-F436-4344-BFBE-B0A7710EFB4F}"
EndProject
Global
	GlobalSection(SolutionConfigurationPlatforms) = preSolution
		Debug|Any CPU = Debug|Any CPU
		Release|Any CPU = Release|Any CPU
	EndGlobalSection
	GlobalSection(NestedProjects) = preSolution
		{003F6D8A-B883-4235-886E-84C14757665C} = {12F73B25-7482-4BF0-870C-B6DE1273C106}
		{062DF532-4ECA-45C0-AF4B-54BB0AD87E80} = {E050073C-DE8F-4221-AF86-956DE24A7D48}
		{B1164351-F436-4344-BFBE-B0A7710EFB4F} = {E050073C-DE8F-4221-AF86-956DE24A7D48}
	EndGlobalSection
	GlobalSection(ProjectConfigurationPlatforms) = postSolution
		{003F6D8A-B883-4235-886E-84C14757665C}.Debug|Any CPU.ActiveCfg = Debug|Any CPU
		{003F6D8A-B883-4235-886E-84C14757665C}.Debug|Any CPU.Build.0 = Debug|Any CPU
		{003F6D8A-B883-4235-886E-84C14757665C}.Release|Any CPU.ActiveCfg = Release|Any CPU
		{003F6D8A-B883-4235-886E-84C14757665C}.Release|Any CPU.Build.0 = Release|Any CPU
		{062DF532-4ECA-45C0-AF4B-54BB0AD87E80}.Debug|Any CPU.ActiveCfg = Debug|Any CPU
		{062DF532-4ECA-45C0-AF4B-54BB0AD87E80}.Debug|Any CPU.Build.0 = Debug|Any CPU
		{062DF532-4ECA-45C0-AF4B-54BB0AD87E80}.Release|Any CPU.ActiveCfg = Release|Any CPU
		{062DF532-4ECA-45C0-AF4B-54BB0AD87E80}.Release|Any CPU.Build.0 = Release|Any CPU
		{B1164351-F436-4344-BFBE-B0A7710EFB4F}.Debug|Any CPU.ActiveCfg = Debug|Any CPU
		{B1164351-F436-4344-BFBE-B0A7710EFB4F}.Debug|Any CPU.Build.0 = Debug|Any CPU
		{B1164351-F436-4344-BFBE-B0A7710EFB4F}.Release|Any CPU.ActiveCfg = Release|Any CPU
		{B1164351-F436-4344-BFBE-B0A7710EFB4F}.Release|Any CPU.Build.0 = Release|Any CPU
	EndGlobalSection
EndGlobal
